
Microsoft Visual Studio Solution File, Format Version 12.00
# Visual Studio 15
VisualStudioVersion = 15.0.28307.572
MinimumVisualStudioVersion = 10.0.40219.1
Project("{FAE04EC0-301F-11D3-BF4B-00C04F79EFBC}") = "devops.workshop", "devops.workshop\devops.workshop.csproj", "{F4192EC5-17EF-4090-BF61-02439B7D42F4}"
EndProject
Global
	GlobalSection(SolutionConfigurationPlatforms) = preSolution
		Debug|Any CPU = Debug|Any CPU
		Release|Any CPU = Release|Any CPU
	EndGlobalSection
	GlobalSection(ProjectConfigurationPlatforms) = postSolution
		{F4192EC5-17EF-4090-BF61-02439B7D42F4}.Debug|Any CPU.ActiveCfg = Debug|Any CPU
		{F4192EC5-17EF-4090-BF61-02439B7D42F4}.Debug|Any CPU.Build.0 = Debug|Any CPU
		{F4192EC5-17EF-4090-BF61-02439B7D42F4}.Release|Any CPU.ActiveCfg = Release|Any CPU
		{F4192EC5-17EF-4090-BF61-02439B7D42F4}.Release|Any CPU.Build.0 = Release|Any CPU
	EndGlobalSection
	GlobalSection(SolutionProperties) = preSolution
		HideSolutionNode = FALSE
	EndGlobalSection
	GlobalSection(ExtensibilityGlobals) = postSolution
		SolutionGuid = {E4542CFE-0257-45C6-A9D1-0894867DFB46}
	EndGlobalSection
EndGlobal
